// !$*UTF8*$!
{
	archiveVersion = 1;
	classes = {
	};
	objectVersion = 50;
	objects = {

/* Begin PBXBuildFile section */
		AE558B3C20ED79F3009225B3 /* AppDelegate.swift in Sources */ = {isa = PBXBuildFile; fileRef = AE558B3B20ED79F3009225B3 /* AppDelegate.swift */; };
		AE558B3E20ED79F3009225B3 /* ViewController.swift in Sources */ = {isa = PBXBuildFile; fileRef = AE558B3D20ED79F3009225B3 /* ViewController.swift */; };
		AE558B4120ED79F3009225B3 /* Main.storyboard in Resources */ = {isa = PBXBuildFile; fileRef = AE558B3F20ED79F3009225B3 /* Main.storyboard */; };
		AE558B4320ED79F4009225B3 /* Assets.xcassets in Resources */ = {isa = PBXBuildFile; fileRef = AE558B4220ED79F4009225B3 /* Assets.xcassets */; };
		AE558B4620ED79F4009225B3 /* LaunchScreen.storyboard in Resources */ = {isa = PBXBuildFile; fileRef = AE558B4420ED79F4009225B3 /* LaunchScreen.storyboard */; };
		AE558B5220EE7C05009225B3 /* Player.swift in Sources */ = {isa = PBXBuildFile; fileRef = AE558B5120EE7C05009225B3 /* Player.swift */; };
		AE558B5420EE7CD2009225B3 /* SampleData.swift in Sources */ = {isa = PBXBuildFile; fileRef = AE558B5320EE7CD2009225B3 /* SampleData.swift */; };
		AE558B5620EE7E89009225B3 /* PlayersTableViewController.swift in Sources */ = {isa = PBXBuildFile; fileRef = AE558B5520EE7E89009225B3 /* PlayersTableViewController.swift */; };
		AE558B5820EE8910009225B3 /* PlayerTableViewCell.swift in Sources */ = {isa = PBXBuildFile; fileRef = AE558B5720EE8910009225B3 /* PlayerTableViewCell.swift */; };
		AE558B7820EEDCAA009225B3 /* PlayerDetailsTableViewController.swift in Sources */ = {isa = PBXBuildFile; fileRef = AE558B7720EEDCAA009225B3 /* PlayerDetailsTableViewController.swift */; };
		AE558B7A20EFE0CA009225B3 /* GamePickerTableViewController.swift in Sources */ = {isa = PBXBuildFile; fileRef = AE558B7920EFE0CA009225B3 /* GamePickerTableViewController.swift */; };
		AE558B7D20EFED3C009225B3 /* Players.storyboard in Resources */ = {isa = PBXBuildFile; fileRef = AE558B7B20EFED3C009225B3 /* Players.storyboard */; };
/* End PBXBuildFile section */

/* Begin PBXFileReference section */
		AE558B3820ED79F3009225B3 /* Ratings.app */ = {isa = PBXFileReference; explicitFileType = wrapper.application; includeInIndex = 0; path = Ratings.app; sourceTree = BUILT_PRODUCTS_DIR; };
		AE558B3B20ED79F3009225B3 /* AppDelegate.swift */ = {isa = PBXFileReference; lastKnownFileType = sourcecode.swift; path = AppDelegate.swift; sourceTree = "<group>"; };
		AE558B3D20ED79F3009225B3 /* ViewController.swift */ = {isa = PBXFileReference; lastKnownFileType = sourcecode.swift; path = ViewController.swift; sourceTree = "<group>"; };
		AE558B4020ED79F3009225B3 /* Base */ = {isa = PBXFileReference; lastKnownFileType = file.storyboard; name = Base; path = Base.lproj/Main.storyboard; sourceTree = "<group>"; };
		AE558B4220ED79F4009225B3 /* Assets.xcassets */ = {isa = PBXFileReference; lastKnownFileType = folder.assetcatalog; path = Assets.xcassets; sourceTree = "<group>"; };
		AE558B4520ED79F4009225B3 /* Base */ = {isa = PBXFileReference; lastKnownFileType = file.storyboard; name = Base; path = Base.lproj/LaunchScreen.storyboard; sourceTree = "<group>"; };
		AE558B4720ED79F4009225B3 /* Info.plist */ = {isa = PBXFileReference; lastKnownFileType = text.plist.xml; path = Info.plist; sourceTree = "<group>"; };
		AE558B5120EE7C05009225B3 /* Player.swift */ = {isa = PBXFileReference; lastKnownFileType = sourcecode.swift; path = Player.swift; sourceTree = "<group>"; };
		AE558B5320EE7CD2009225B3 /* SampleData.swift */ = {isa = PBXFileReference; lastKnownFileType = sourcecode.swift; path = SampleData.swift; sourceTree = "<group>"; };
		AE558B5520EE7E89009225B3 /* PlayersTableViewController.swift */ = {isa = PBXFileReference; lastKnownFileType = sourcecode.swift; path = PlayersTableViewController.swift; sourceTree = "<group>"; };
		AE558B5720EE8910009225B3 /* PlayerTableViewCell.swift */ = {isa = PBXFileReference; lastKnownFileType = sourcecode.swift; path = PlayerTableViewCell.swift; sourceTree = "<group>"; };
		AE558B7720EEDCAA009225B3 /* PlayerDetailsTableViewController.swift */ = {isa = PBXFileReference; lastKnownFileType = sourcecode.swift; path = PlayerDetailsTableViewController.swift; sourceTree = "<group>"; };
		AE558B7920EFE0CA009225B3 /* GamePickerTableViewController.swift */ = {isa = PBXFileReference; lastKnownFileType = sourcecode.swift; path = GamePickerTableViewController.swift; sourceTree = "<group>"; };
		AE558B7C20EFED3C009225B3 /* Base */ = {isa = PBXFileReference; lastKnownFileType = file.storyboard; name = Base; path = Ratings/Base.lproj/Players.storyboard; sourceTree = "<group>"; };
/* End PBXFileReference section */

/* Begin PBXFrameworksBuildPhase section */
		AE558B3520ED79F3009225B3 /* Frameworks */ = {
			isa = PBXFrameworksBuildPhase;
			buildActionMask = 2147483647;
			files = (
			);
			runOnlyForDeploymentPostprocessing = 0;
		};
/* End PBXFrameworksBuildPhase section */

/* Begin PBXGroup section */
		AE558B2F20ED79F3009225B3 = {
			isa = PBXGroup;
			children = (
				AE558B7B20EFED3C009225B3 /* Players.storyboard */,
				AE558B3A20ED79F3009225B3 /* Ratings */,
				AE558B3920ED79F3009225B3 /* Products */,
			);
			sourceTree = "<group>";
		};
		AE558B3920ED79F3009225B3 /* Products */ = {
			isa = PBXGroup;
			children = (
				AE558B3820ED79F3009225B3 /* Ratings.app */,
			);
			name = Products;
			sourceTree = "<group>";
		};
		AE558B3A20ED79F3009225B3 /* Ratings */ = {
			isa = PBXGroup;
			children = (
				AE558B3B20ED79F3009225B3 /* AppDelegate.swift */,
				AE558B3D20ED79F3009225B3 /* ViewController.swift */,
				AE558B3F20ED79F3009225B3 /* Main.storyboard */,
				AE558B7920EFE0CA009225B3 /* GamePickerTableViewController.swift */,
				AE558B7720EEDCAA009225B3 /* PlayerDetailsTableViewController.swift */,
				AE558B5720EE8910009225B3 /* PlayerTableViewCell.swift */,
				AE558B5520EE7E89009225B3 /* PlayersTableViewController.swift */,
				AE558B5120EE7C05009225B3 /* Player.swift */,
				AE558B5320EE7CD2009225B3 /* SampleData.swift */,
				AE558B4220ED79F4009225B3 /* Assets.xcassets */,
				AE558B4420ED79F4009225B3 /* LaunchScreen.storyboard */,
				AE558B4720ED79F4009225B3 /* Info.plist */,
			);
			path = Ratings;
			sourceTree = "<group>";
		};
/* End PBXGroup section */

/* Begin PBXNativeTarget section */
		AE558B3720ED79F3009225B3 /* Ratings */ = {
			isa = PBXNativeTarget;
			buildConfigurationList = AE558B4A20ED79F4009225B3 /* Build configuration list for PBXNativeTarget "Ratings" */;
			buildPhases = (
				AE558B3420ED79F3009225B3 /* Sources */,
				AE558B3520ED79F3009225B3 /* Frameworks */,
				AE558B3620ED79F3009225B3 /* Resources */,
			);
			buildRules = (
			);
			dependencies = (
			);
			name = Ratings;
			productName = Ratings;
			productReference = AE558B3820ED79F3009225B3 /* Ratings.app */;
			productType = "com.apple.product-type.application";
		};
/* End PBXNativeTarget section */

/* Begin PBXProject section */
		AE558B3020ED79F3009225B3 /* Project object */ = {
			isa = PBXProject;
			attributes = {
				LastSwiftUpdateCheck = 0940;
				LastUpgradeCheck = 0940;
				ORGANIZATIONNAME = SpheleleZondo;
				TargetAttributes = {
					AE558B3720ED79F3009225B3 = {
						CreatedOnToolsVersion = 9.4.1;
					};
				};
			};
			buildConfigurationList = AE558B3320ED79F3009225B3 /* Build configuration list for PBXProject "Ratings" */;
			compatibilityVersion = "Xcode 9.3";
			developmentRegion = en;
			hasScannedForEncodings = 0;
			knownRegions = (
				en,
				Base,
			);
			mainGroup = AE558B2F20ED79F3009225B3;
			productRefGroup = AE558B3920ED79F3009225B3 /* Products */;
			projectDirPath = "";
			projectRoot = "";
			targets = (
				AE558B3720ED79F3009225B3 /* Ratings */,
			);
		};
/* End PBXProject section */

/* Begin PBXResourcesBuildPhase section */
		AE558B3620ED79F3009225B3 /* Resources */ = {
			isa = PBXResourcesBuildPhase;
			buildActionMask = 2147483647;
			files = (
				AE558B4620ED79F4009225B3 /* LaunchScreen.storyboard in Resources */,
				AE558B7D20EFED3C009225B3 /* Players.storyboard in Resources */,
				AE558B4320ED79F4009225B3 /* Assets.xcassets in Resources */,
				AE558B4120ED79F3009225B3 /* Main.storyboard in Resources */,
			);
			runOnlyForDeploymentPostprocessing = 0;
		};
/* End PBXResourcesBuildPhase section */

/* Begin PBXSourcesBuildPhase section */
		AE558B3420ED79F3009225B3 /* Sources */ = {
			isa = PBXSourcesBuildPhase;
			buildActionMask = 2147483647;
			files = (
				AE558B5820EE8910009225B3 /* PlayerTableViewCell.swift in Sources */,
				AE558B5220EE7C05009225B3 /* Player.swift in Sources */,
				AE558B3E20ED79F3009225B3 /* ViewController.swift in Sources */,
				AE558B5420EE7CD2009225B3 /* SampleData.swift in Sources */,
				AE558B3C20ED79F3009225B3 /* AppDelegate.swift in Sources */,
				AE558B7A20EFE0CA009225B3 /* GamePickerTableViewController.swift in Sources */,
				AE558B5620EE7E89009225B3 /* PlayersTableViewController.swift in Sources */,
				AE558B7820EEDCAA009225B3 /* PlayerDetailsTableViewController.swift in Sources */,
			);
			runOnlyForDeploymentPostprocessing = 0;
		};
/* End PBXSourcesBuildPhase section */

/* Begin PBXVariantGroup section */
		AE558B3F20ED79F3009225B3 /* Main.storyboard */ = {
			isa = PBXVariantGroup;
			children = (
				AE558B4020ED79F3009225B3 /* Base */,
			);
			name = Main.storyboard;
			sourceTree = "<group>";
		};
		AE558B4420ED79F4009225B3 /* LaunchScreen.storyboard */ = {
			isa = PBXVariantGroup;
			children = (
				AE558B4520ED79F4009225B3 /* Base */,
			);
			name = LaunchScreen.storyboard;
			sourceTree = "<group>";
		};
		AE558B7B20EFED3C009225B3 /* Players.storyboard */ = {
			isa = PBXVariantGroup;
			children = (
				AE558B7C20EFED3C009225B3 /* Base */,
			);
			name = Players.storyboard;
			sourceTree = "<group>";
		};
/* End PBXVariantGroup section */

/* Begin XCBuildConfiguration section */
		AE558B4820ED79F4009225B3 /* Debug */ = {
			isa = XCBuildConfiguration;
			buildSettings = {
				ALWAYS_SEARCH_USER_PATHS = NO;
				CLANG_ANALYZER_NONNULL = YES;
				CLANG_ANALYZER_NUMBER_OBJECT_CONVERSION = YES_AGGRESSIVE;
				CLANG_CXX_LANGUAGE_STANDARD = "gnu++14";
				CLANG_CXX_LIBRARY = "libc++";
				CLANG_ENABLE_MODULES = YES;
				CLANG_ENABLE_OBJC_ARC = YES;
				CLANG_ENABLE_OBJC_WEAK = YES;
				CLANG_WARN_BLOCK_CAPTURE_AUTORELEASING = YES;
				CLANG_WARN_BOOL_CONVERSION = YES;
				CLANG_WARN_COMMA = YES;
				CLANG_WARN_CONSTANT_CONVERSION = YES;
				CLANG_WARN_DEPRECATED_OBJC_IMPLEMENTATIONS = YES;
				CLANG_WARN_DIRECT_OBJC_ISA_USAGE = YES_ERROR;
				CLANG_WARN_DOCUMENTATION_COMMENTS = YES;
				CLANG_WARN_EMPTY_BODY = YES;
				CLANG_WARN_ENUM_CONVERSION = YES;
				CLANG_WARN_INFINITE_RECURSION = YES;
				CLANG_WARN_INT_CONVERSION = YES;
				CLANG_WARN_NON_LITERAL_NULL_CONVERSION = YES;
				CLANG_WARN_OBJC_IMPLICIT_RETAIN_SELF = YES;
				CLANG_WARN_OBJC_LITERAL_CONVERSION = YES;
				CLANG_WARN_OBJC_ROOT_CLASS = YES_ERROR;
				CLANG_WARN_RANGE_LOOP_ANALYSIS = YES;
				CLANG_WARN_STRICT_PROTOTYPES = YES;
				CLANG_WARN_SUSPICIOUS_MOVE = YES;
				CLANG_WARN_UNGUARDED_AVAILABILITY = YES_AGGRESSIVE;
				CLANG_WARN_UNREACHABLE_CODE = YES;
				CLANG_WARN__DUPLICATE_METHOD_MATCH = YES;
				CODE_SIGN_IDENTITY = "iPhone Developer";
				COPY_PHASE_STRIP = NO;
				DEBUG_INFORMATION_FORMAT = dwarf;
				ENABLE_STRICT_OBJC_MSGSEND = YES;
				ENABLE_TESTABILITY = YES;
				GCC_C_LANGUAGE_STANDARD = gnu11;
				GCC_DYNAMIC_NO_PIC = NO;
				GCC_NO_COMMON_BLOCKS = YES;
				GCC_OPTIMIZATION_LEVEL = 0;
				GCC_PREPROCESSOR_DEFINITIONS = (
					"DEBUG=1",
					"$(inherited)",
				);
				GCC_WARN_64_TO_32_BIT_CONVERSION = YES;
				GCC_WARN_ABOUT_RETURN_TYPE = YES_ERROR;
				GCC_WARN_UNDECLARED_SELECTOR = YES;
				GCC_WARN_UNINITIALIZED_AUTOS = YES_AGGRESSIVE;
				GCC_WARN_UNUSED_FUNCTION = YES;
				GCC_WARN_UNUSED_VARIABLE = YES;
				IPHONEOS_DEPLOYMENT_TARGET = 11.4;
				MTL_ENABLE_DEBUG_INFO = YES;
				ONLY_ACTIVE_ARCH = YES;
				SDKROOT = iphoneos;
				SWIFT_ACTIVE_COMPILATION_CONDITIONS = DEBUG;
				SWIFT_OPTIMIZATION_LEVEL = "-Onone";
			};
			name = Debug;
		};
		AE558B4920ED79F4009225B3 /* Release */ = {
			isa = XCBuildConfiguration;
			buildSettings = {
				ALWAYS_SEARCH_USER_PATHS = NO;
				CLANG_ANALYZER_NONNULL = YES;
				CLANG_ANALYZER_NUMBER_OBJECT_CONVERSION = YES_AGGRESSIVE;
				CLANG_CXX_LANGUAGE_STANDARD = "gnu++14";
				CLANG_CXX_LIBRARY = "libc++";
				CLANG_ENABLE_MODULES = YES;
				CLANG_ENABLE_OBJC_ARC = YES;
				CLANG_ENABLE_OBJC_WEAK = YES;
				CLANG_WARN_BLOCK_CAPTURE_AUTORELEASING = YES;
				CLANG_WARN_BOOL_CONVERSION = YES;
				CLANG_WARN_COMMA = YES;
				CLANG_WARN_CONSTANT_CONVERSION = YES;
				CLANG_WARN_DEPRECATED_OBJC_IMPLEMENTATIONS = YES;
				CLANG_WARN_DIRECT_OBJC_ISA_USAGE = YES_ERROR;
				CLANG_WARN_DOCUMENTATION_COMMENTS = YES;
				CLANG_WARN_EMPTY_BODY = YES;
				CLANG_WARN_ENUM_CONVERSION = YES;
				CLANG_WARN_INFINITE_RECURSION = YES;
				CLANG_WARN_INT_CONVERSION = YES;
				CLANG_WARN_NON_LITERAL_NULL_CONVERSION = YES;
				CLANG_WARN_OBJC_IMPLICIT_RETAIN_SELF = YES;
				CLANG_WARN_OBJC_LITERAL_CONVERSION = YES;
				CLANG_WARN_OBJC_ROOT_CLASS = YES_ERROR;
				CLANG_WARN_RANGE_LOOP_ANALYSIS = YES;
				CLANG_WARN_STRICT_PROTOTYPES = YES;
				CLANG_WARN_SUSPICIOUS_MOVE = YES;
				CLANG_WARN_UNGUARDED_AVAILABILITY = YES_AGGRESSIVE;
				CLANG_WARN_UNREACHABLE_CODE = YES;
				CLANG_WARN__DUPLICATE_METHOD_MATCH = YES;
				CODE_SIGN_IDENTITY = "iPhone Developer";
				COPY_PHASE_STRIP = NO;
				DEBUG_INFORMATION_FORMAT = "dwarf-with-dsym";
				ENABLE_NS_ASSERTIONS = NO;
				ENABLE_STRICT_OBJC_MSGSEND = YES;
				GCC_C_LANGUAGE_STANDARD = gnu11;
				GCC_NO_COMMON_BLOCKS = YES;
				GCC_WARN_64_TO_32_BIT_CONVERSION = YES;
				GCC_WARN_ABOUT_RETURN_TYPE = YES_ERROR;
				GCC_WARN_UNDECLARED_SELECTOR = YES;
				GCC_WARN_UNINITIALIZED_AUTOS = YES_AGGRESSIVE;
				GCC_WARN_UNUSED_FUNCTION = YES;
				GCC_WARN_UNUSED_VARIABLE = YES;
				IPHONEOS_DEPLOYMENT_TARGET = 11.4;
				MTL_ENABLE_DEBUG_INFO = NO;
				SDKROOT = iphoneos;
				SWIFT_COMPILATION_MODE = wholemodule;
				SWIFT_OPTIMIZATION_LEVEL = "-O";
				VALIDATE_PRODUCT = YES;
			};
			name = Release;
		};
		AE558B4B20ED79F4009225B3 /* Debug */ = {
			isa = XCBuildConfiguration;
			buildSettings = {
				ASSETCATALOG_COMPILER_APPICON_NAME = AppIcon;
				CODE_SIGN_STYLE = Automatic;
				INFOPLIST_FILE = Ratings/Info.plist;
				LD_RUNPATH_SEARCH_PATHS = (
					"$(inherited)",
					"@executable_path/Frameworks",
				);
				PRODUCT_BUNDLE_IDENTIFIER = com.sphelelezondo.Ratings;
				PRODUCT_NAME = "$(TARGET_NAME)";
				SWIFT_VERSION = 4.0;
				TARGETED_DEVICE_FAMILY = 1;
			};
			name = Debug;
		};
		AE558B4C20ED79F4009225B3 /* Release */ = {
			isa = XCBuildConfiguration;
			buildSettings = {
				ASSETCATALOG_COMPILER_APPICON_NAME = AppIcon;
				CODE_SIGN_STYLE = Automatic;
				INFOPLIST_FILE = Ratings/Info.plist;
				LD_RUNPATH_SEARCH_PATHS = (
					"$(inherited)",
					"@executable_path/Frameworks",
				);
				PRODUCT_BUNDLE_IDENTIFIER = com.sphelelezondo.Ratings;
				PRODUCT_NAME = "$(TARGET_NAME)";
				SWIFT_VERSION = 4.0;
				TARGETED_DEVICE_FAMILY = 1;
			};
			name = Release;
		};
/* End XCBuildConfiguration section */

/* Begin XCConfigurationList section */
		AE558B3320ED79F3009225B3 /* Build configuration list for PBXProject "Ratings" */ = {
			isa = XCConfigurationList;
			buildConfigurations = (
				AE558B4820ED79F4009225B3 /* Debug */,
				AE558B4920ED79F4009225B3 /* Release */,
			);
			defaultConfigurationIsVisible = 0;
			defaultConfigurationName = Release;
		};
		AE558B4A20ED79F4009225B3 /* Build configuration list for PBXNativeTarget "Ratings" */ = {
			isa = XCConfigurationList;
			buildConfigurations = (
				AE558B4B20ED79F4009225B3 /* Debug */,
				AE558B4C20ED79F4009225B3 /* Release */,
			);
			defaultConfigurationIsVisible = 0;
			defaultConfigurationName = Release;
		};
/* End XCConfigurationList section */
	};
	rootObject = AE558B3020ED79F3009225B3 /* Project object */;
}
